
Microsoft Visual Studio Solution File, Format Version 12.00
# Visual Studio Version 17
VisualStudioVersion = 17.3.32901.215
MinimumVisualStudioVersion = 10.0.40219.1
Project("{FAE04EC0-301F-11D3-BF4B-00C04F79EFBC}") = "prgConCsStructures", "prgConCsStructures\prgConCsStructures.csproj", "{E7CFDC11-4980-4660-87E0-F4A65128F86C}"
EndProject
Global
	GlobalSection(SolutionConfigurationPlatforms) = preSolution
		Debug|Any CPU = Debug|Any CPU
		Release|Any CPU = Release|Any CPU
	EndGlobalSection
	GlobalSection(ProjectConfigurationPlatforms) = postSolution
		{E7CFDC11-4980-4660-87E0-F4A65128F86C}.Debug|Any CPU.ActiveCfg = Debug|Any CPU
		{E7CFDC11-4980-4660-87E0-F4A65128F86C}.Debug|Any CPU.Build.0 = Debug|Any CPU
		{E7CFDC11-4980-4660-87E0-F4A65128F86C}.Release|Any CPU.ActiveCfg = Release|Any CPU
		{E7CFDC11-4980-4660-87E0-F4A65128F86C}.Release|Any CPU.Build.0 = Release|Any CPU
	EndGlobalSection
	GlobalSection(SolutionProperties) = preSolution
		HideSolutionNode = FALSE
	EndGlobalSection
	GlobalSection(ExtensibilityGlobals) = postSolution
		SolutionGuid = {5194F095-1B60-4C4F-9E41-BDDA31CB0428}
	EndGlobalSection
EndGlobal
