
Microsoft Visual Studio Solution File, Format Version 12.00
# Visual Studio Version 17
VisualStudioVersion = 17.3.32901.215
MinimumVisualStudioVersion = 10.0.40219.1
Project("{9A19103F-16F7-4668-BE54-9A1E7A4F7556}") = "prgConCsRepetitiveStructures", "prgConCsRepetitiveStructures\prgConCsRepetitiveStructures.csproj", "{68704744-6E46-4036-A64E-7CEE4A031E12}"
EndProject
Project("{FAE04EC0-301F-11D3-BF4B-00C04F79EFBC}") = "prgConCsArrays", "..\..\prgConCsArrays\prgConCsArrays.csproj", "{D16B0C78-DD48-4702-9824-E6B4972A86BD}"
EndProject
Global
	GlobalSection(SolutionConfigurationPlatforms) = preSolution
		Debug|Any CPU = Debug|Any CPU
		Release|Any CPU = Release|Any CPU
	EndGlobalSection
	GlobalSection(ProjectConfigurationPlatforms) = postSolution
		{68704744-6E46-4036-A64E-7CEE4A031E12}.Debug|Any CPU.ActiveCfg = Debug|Any CPU
		{68704744-6E46-4036-A64E-7CEE4A031E12}.Debug|Any CPU.Build.0 = Debug|Any CPU
		{68704744-6E46-4036-A64E-7CEE4A031E12}.Release|Any CPU.ActiveCfg = Release|Any CPU
		{68704744-6E46-4036-A64E-7CEE4A031E12}.Release|Any CPU.Build.0 = Release|Any CPU
		{D16B0C78-DD48-4702-9824-E6B4972A86BD}.Debug|Any CPU.ActiveCfg = Debug|Any CPU
		{D16B0C78-DD48-4702-9824-E6B4972A86BD}.Debug|Any CPU.Build.0 = Debug|Any CPU
		{D16B0C78-DD48-4702-9824-E6B4972A86BD}.Release|Any CPU.ActiveCfg = Release|Any CPU
		{D16B0C78-DD48-4702-9824-E6B4972A86BD}.Release|Any CPU.Build.0 = Release|Any CPU
	EndGlobalSection
	GlobalSection(SolutionProperties) = preSolution
		HideSolutionNode = FALSE
	EndGlobalSection
	GlobalSection(ExtensibilityGlobals) = postSolution
		SolutionGuid = {DBB1B1E7-D3DD-47AD-AD2C-38E290215A14}
	EndGlobalSection
EndGlobal
