
Microsoft Visual Studio Solution File, Format Version 12.00
# Visual Studio Version 17
VisualStudioVersion = 17.3.32901.215
MinimumVisualStudioVersion = 10.0.40219.1
Project("{FAE04EC0-301F-11D3-BF4B-00C04F79EFBC}") = "prgConCsArrays", "prgConCsArrays\prgConCsArrays.csproj", "{AB21721C-541E-4A0A-B644-C0614BFBA7A9}"
EndProject
Global
	GlobalSection(SolutionConfigurationPlatforms) = preSolution
		Debug|Any CPU = Debug|Any CPU
		Release|Any CPU = Release|Any CPU
	EndGlobalSection
	GlobalSection(ProjectConfigurationPlatforms) = postSolution
		{AB21721C-541E-4A0A-B644-C0614BFBA7A9}.Debug|Any CPU.ActiveCfg = Debug|Any CPU
		{AB21721C-541E-4A0A-B644-C0614BFBA7A9}.Debug|Any CPU.Build.0 = Debug|Any CPU
		{AB21721C-541E-4A0A-B644-C0614BFBA7A9}.Release|Any CPU.ActiveCfg = Release|Any CPU
		{AB21721C-541E-4A0A-B644-C0614BFBA7A9}.Release|Any CPU.Build.0 = Release|Any CPU
	EndGlobalSection
	GlobalSection(SolutionProperties) = preSolution
		HideSolutionNode = FALSE
	EndGlobalSection
	GlobalSection(ExtensibilityGlobals) = postSolution
		SolutionGuid = {EC2763B4-52E1-4C29-A13E-11AE3C6816E0}
	EndGlobalSection
EndGlobal
